{
  "version": 4,
  "terraform_version": "1.4.2",
  "serial": 4,
  "lineage": "254755ad-02a0-7147-a5e5-bc885f9c3403",
  "outputs": {},
  "resources": [
    {
      "mode": "managed",
      "type": "local_file",
      "name": "block1",
      "provider": "provider[\"registry.terraform.io/hashicorp/local\"]",
      "instances": [
        {
          "schema_version": 0,
          "attributes": {
            "content": "5ea16c0e5f76c547",
            "content_base64": null,
            "content_base64sha256": "JaN9QRLRBjo2BpKSCa4xorVWefOVwArBB8KlgxKD4f4=",
            "content_base64sha512": "l93r/LJFc1JLKailOGwbNWrEyUoIp5yh4/fDUqSl224tZdN03+gQsMUGHGkHo64PckcAvXcbkmCUVJpUfr5u6Q==",
            "content_md5": "a57df1737ff19b429d8b0443d73909a5",
            "content_sha1": "caabac54126e89f0b2902af25e5e969ef2a5d291",
            "content_sha256": "25a37d4112d1063a3606929209ae31a2b55679f395c00ac107c2a5831283e1fe",
            "content_sha512": "97ddebfcb24573524b29a8a5386c1b356ac4c94a08a79ca1e3f7c352a4a5db6e2d65d374dfe810b0c5061c6907a3ae0f724700bd771b926094549a547ebe6ee9",
            "directory_permission": "0777",
            "file_permission": "0777",
            "filename": "hello.py",
            "id": "caabac54126e89f0b2902af25e5e969ef2a5d291",
            "sensitive_content": null,
            "source": null
          },
          "sensitive_attributes": [],
          "dependencies": [
            "random_id.server"
          ]
        }
      ]
    },
    {
      "mode": "managed",
      "type": "random_id",
      "name": "server",
      "provider": "provider[\"registry.terraform.io/hashicorp/random\"]",
      "instances": [
        {
          "schema_version": 0,
          "attributes": {
            "b64_std": "XqFsDl92xUc=",
            "b64_url": "XqFsDl92xUc",
            "byte_length": 8,
            "dec": "6818850119802602823",
            "hex": "5ea16c0e5f76c547",
            "id": "XqFsDl92xUc",
            "keepers": null,
            "prefix": null
          },
          "sensitive_attributes": []
        }
      ]
    }
  ],
  "check_results": null
}
