{
  "version": 4,
  "terraform_version": "1.4.2",
  "serial": 7,
  "lineage": "2d2caa14-3d11-a13c-b147-80a45ad4515b",
  "outputs": {},
  "resources": [
    {
      "mode": "managed",
      "type": "local_file",
      "name": "block1",
      "provider": "provider[\"registry.terraform.io/hashicorp/local\"]",
      "instances": [
        {
          "schema_version": 0,
          "attributes": {
            "content": "\u003cp\u003e Hello World\u003c/p\u003e",
            "content_base64": null,
            "content_base64sha256": "3oxyleNJrw0YbcAXX6JWqnbIUETeQbnGJqJtYbf/XxU=",
            "content_base64sha512": "N7otnbCiLaA1+8o8eKXIV7PiIleNmAQOqa9ydfJ1BEa+16tEVkQJ3cRfq7ALVyT0FGuyOaYVGz8R5sLGfEjAsw==",
            "content_md5": "f9d94d2036918e90b2575cac43f74c65",
            "content_sha1": "a7c253d569eaae42538009395f3a747f1ce436fb",
            "content_sha256": "de8c7295e349af0d186dc0175fa256aa76c85044de41b9c626a26d61b7ff5f15",
            "content_sha512": "37ba2d9db0a22da035fbca3c78a5c857b3e222578d98040ea9af7275f2750446bed7ab44564409ddc45fabb00b5724f4146bb239a6151b3f11e6c2c67c48c0b3",
            "directory_permission": "0777",
            "file_permission": "0777",
            "filename": "hello.py",
            "id": "a7c253d569eaae42538009395f3a747f1ce436fb",
            "sensitive_content": null,
            "source": null
          },
          "sensitive_attributes": []
        }
      ]
    },
    {
      "mode": "managed",
      "type": "local_file",
      "name": "block2",
      "provider": "provider[\"registry.terraform.io/hashicorp/local\"]",
      "instances": [
        {
          "schema_version": 0,
          "attributes": {
            "content": "\u003cp\u003e Hello World\u003c/p\u003e",
            "content_base64": null,
            "content_base64sha256": "3oxyleNJrw0YbcAXX6JWqnbIUETeQbnGJqJtYbf/XxU=",
            "content_base64sha512": "N7otnbCiLaA1+8o8eKXIV7PiIleNmAQOqa9ydfJ1BEa+16tEVkQJ3cRfq7ALVyT0FGuyOaYVGz8R5sLGfEjAsw==",
            "content_md5": "f9d94d2036918e90b2575cac43f74c65",
            "content_sha1": "a7c253d569eaae42538009395f3a747f1ce436fb",
            "content_sha256": "de8c7295e349af0d186dc0175fa256aa76c85044de41b9c626a26d61b7ff5f15",
            "content_sha512": "37ba2d9db0a22da035fbca3c78a5c857b3e222578d98040ea9af7275f2750446bed7ab44564409ddc45fabb00b5724f4146bb239a6151b3f11e6c2c67c48c0b3",
            "directory_permission": "0777",
            "file_permission": "0777",
            "filename": "hello.py",
            "id": "a7c253d569eaae42538009395f3a747f1ce436fb",
            "sensitive_content": null,
            "source": null
          },
          "sensitive_attributes": []
        }
      ]
    }
  ],
  "check_results": null
}
